
Microsoft Visual Studio Solution File, Format Version 12.00
# Visual Studio Version 16
VisualStudioVersion = 16.0.33027.164
MinimumVisualStudioVersion = 10.0.40219.1
Project("{FAE04EC0-301F-11D3-BF4B-00C04F79EFBC}") = "Самостоятельная таб контрол", "Самостоятельная таб контрол\Самостоятельная таб контрол.csproj", "{EC67E178-317F-489D-8DDD-92B45A2C30F6}"
EndProject
Global
	GlobalSection(SolutionConfigurationPlatforms) = preSolution
		Debug|Any CPU = Debug|Any CPU
		Release|Any CPU = Release|Any CPU
	EndGlobalSection
	GlobalSection(ProjectConfigurationPlatforms) = postSolution
		{EC67E178-317F-489D-8DDD-92B45A2C30F6}.Debug|Any CPU.ActiveCfg = Debug|Any CPU
		{EC67E178-317F-489D-8DDD-92B45A2C30F6}.Debug|Any CPU.Build.0 = Debug|Any CPU
		{EC67E178-317F-489D-8DDD-92B45A2C30F6}.Release|Any CPU.ActiveCfg = Release|Any CPU
		{EC67E178-317F-489D-8DDD-92B45A2C30F6}.Release|Any CPU.Build.0 = Release|Any CPU
	EndGlobalSection
	GlobalSection(SolutionProperties) = preSolution
		HideSolutionNode = FALSE
	EndGlobalSection
	GlobalSection(ExtensibilityGlobals) = postSolution
		SolutionGuid = {50F68D5B-9932-4A6E-AE8F-44DCFBAC70A8}
	EndGlobalSection
EndGlobal
